
Microsoft Visual Studio Solution File, Format Version 12.00
# Visual Studio 2012
Project("{2150E333-8FDC-42A3-9474-1A3956D46DE8}") = ".items", ".items", "{4002443F-CFB9-41B2-BFF3-A3ED2BF5B0A3}"
	ProjectSection(SolutionItems) = preProject
		..\README.md = ..\README.md
		Version.txt = Version.txt
	EndProjectSection
EndProject
Project("{2150E333-8FDC-42A3-9474-1A3956D46DE8}") = "Build", "Build", "{AE492023-40B8-4D65-90C1-823CB59C2EB0}"
	ProjectSection(SolutionItems) = preProject
		..\Build\Build.proj = ..\Build\Build.proj
		..\Build\Portable.IO.Net.nuspec = ..\Build\Portable.IO.Net.nuspec
		..\Build\Portable.IO.WindowsPhone.nuspec = ..\Build\Portable.IO.WindowsPhone.nuspec
	EndProjectSection
EndProject
Project("{2150E333-8FDC-42A3-9474-1A3956D46DE8}") = "Projects", "Projects", "{E6E33B59-304A-4B9E-A70E-B58817606FA6}"
EndProject
Project("{FAE04EC0-301F-11D3-BF4B-00C04F79EFBC}") = "Portable.IO", "Portable.IO\Portable.IO.csproj", "{6C9E1ADE-29C6-4968-A078-A23571A48751}"
EndProject
Project("{FAE04EC0-301F-11D3-BF4B-00C04F79EFBC}") = "Portable.IO.Net", "Portable.IO.Net\Portable.IO.Net.csproj", "{77EA7083-22CF-4BE0-BFA4-C62AABD8DB68}"
EndProject
Project("{FAE04EC0-301F-11D3-BF4B-00C04F79EFBC}") = "Portable.IO.WindowsPhone", "Portable.IO.WindowsPhone\Portable.IO.WindowsPhone.csproj", "{DD8A8B7D-39ED-4D90-9E30-BA9171C8AF85}"
EndProject
Project("{FAE04EC0-301F-11D3-BF4B-00C04F79EFBC}") = "Portable.IO.Android", "Portable.IO.Android\Portable.IO.Android.csproj", "{FEC18EEA-57C4-4182-8187-73BB0210BDAD}"
EndProject
Project("{FAE04EC0-301F-11D3-BF4B-00C04F79EFBC}") = "Portable.IO.iOS", "Portable.IO.iOS\Portable.IO.iOS.csproj", "{69476C0B-9BD6-432B-A175-FE19D3254997}"
EndProject
Project("{2150E333-8FDC-42A3-9474-1A3956D46DE8}") = "Testing", "Testing", "{6654EE00-CDBB-46F8-9F7E-97746A552806}"
EndProject
Project("{FAE04EC0-301F-11D3-BF4B-00C04F79EFBC}") = "Portable.IO.Tests.WindowsPhone", "Portable.IO.Tests.WindowsPhone\Portable.IO.Tests.WindowsPhone.csproj", "{88A99395-740C-4EAB-A0E6-F9ECE6D8EDB4}"
EndProject
Project("{FAE04EC0-301F-11D3-BF4B-00C04F79EFBC}") = "Portable.IO.iOS.Tests", "Portable.IO.iOS.Tests\Portable.IO.iOS.Tests.csproj", "{3C80A0FA-A8F0-4CAF-8118-7FFB9C90FB0D}"
EndProject
Project("{FAE04EC0-301F-11D3-BF4B-00C04F79EFBC}") = "Portable.IO.Android.Tests", "Portable.IO.Android.Tests\Portable.IO.Android.Tests.csproj", "{BAA17CE6-6099-4BB8-A110-552814701901}"
EndProject
Project("{2150E333-8FDC-42A3-9474-1A3956D46DE8}") = ".nuget", ".nuget", "{19CAB9B4-B87D-452E-B0B5-A4E1BC17D88E}"
	ProjectSection(SolutionItems) = preProject
		.nuget\NuGet.Config = .nuget\NuGet.Config
		.nuget\NuGet.exe = .nuget\NuGet.exe
		.nuget\NuGet.targets = .nuget\NuGet.targets
		.nuget\UpdateNuGet.bat = .nuget\UpdateNuGet.bat
	EndProjectSection
EndProject
Project("{2150E333-8FDC-42A3-9474-1A3956D46DE8}") = ".files", ".files", "{22999453-1718-4FAC-821B-3A19CB65FF41}"
	ProjectSection(SolutionItems) = preProject
		DirectoryNotFoundException.cs = DirectoryNotFoundException.cs
		DirectoryTests.cs = DirectoryTests.cs
		FileNotFoundException.cs = FileNotFoundException.cs
		FileSystem.cs = FileSystem.cs
		FileSystemTests.cs = FileSystemTests.cs
		FileTests.cs = FileTests.cs
		TestBase.cs = TestBase.cs
	EndProjectSection
EndProject
Project("{FAE04EC0-301F-11D3-BF4B-00C04F79EFBC}") = "Portable.IO.Tests.Net", "Portable.IO.Tests.Net\Portable.IO.Tests.Net.csproj", "{8E47B485-5486-4774-8505-163608A03018}"
EndProject
Project("{2150E333-8FDC-42A3-9474-1A3956D46DE8}") = "NET45", "NET45", "{BAD9585D-10CD-455C-B8E8-59862256D17A}"
EndProject
Project("{2150E333-8FDC-42A3-9474-1A3956D46DE8}") = "PHONE", "PHONE", "{808BEB78-CB65-454A-AAD2-C20AF68C5F2A}"
EndProject
Project("{2150E333-8FDC-42A3-9474-1A3956D46DE8}") = "ANDROID", "ANDROID", "{4A96F4F2-B68D-4D42-962F-6A731CF53375}"
EndProject
Project("{2150E333-8FDC-42A3-9474-1A3956D46DE8}") = "IOS", "IOS", "{CBC676C7-4143-4449-9EDE-A5EA25C35470}"
EndProject
Global
	GlobalSection(SolutionConfigurationPlatforms) = preSolution
		Ad-Hoc|Any CPU = Ad-Hoc|Any CPU
		Ad-Hoc|ARM = Ad-Hoc|ARM
		Ad-Hoc|iPhone = Ad-Hoc|iPhone
		Ad-Hoc|iPhoneSimulator = Ad-Hoc|iPhoneSimulator
		Ad-Hoc|Mixed Platforms = Ad-Hoc|Mixed Platforms
		Ad-Hoc|x86 = Ad-Hoc|x86
		AppStore|Any CPU = AppStore|Any CPU
		AppStore|ARM = AppStore|ARM
		AppStore|iPhone = AppStore|iPhone
		AppStore|iPhoneSimulator = AppStore|iPhoneSimulator
		AppStore|Mixed Platforms = AppStore|Mixed Platforms
		AppStore|x86 = AppStore|x86
		Debug|Any CPU = Debug|Any CPU
		Debug|ARM = Debug|ARM
		Debug|iPhone = Debug|iPhone
		Debug|iPhoneSimulator = Debug|iPhoneSimulator
		Debug|Mixed Platforms = Debug|Mixed Platforms
		Debug|x86 = Debug|x86
		Release|Any CPU = Release|Any CPU
		Release|ARM = Release|ARM
		Release|iPhone = Release|iPhone
		Release|iPhoneSimulator = Release|iPhoneSimulator
		Release|Mixed Platforms = Release|Mixed Platforms
		Release|x86 = Release|x86
	EndGlobalSection
	GlobalSection(ProjectConfigurationPlatforms) = postSolution
		{6C9E1ADE-29C6-4968-A078-A23571A48751}.Ad-Hoc|Any CPU.ActiveCfg = Release|Any CPU
		{6C9E1ADE-29C6-4968-A078-A23571A48751}.Ad-Hoc|Any CPU.Build.0 = Release|Any CPU
		{6C9E1ADE-29C6-4968-A078-A23571A48751}.Ad-Hoc|ARM.ActiveCfg = Debug|Any CPU
		{6C9E1ADE-29C6-4968-A078-A23571A48751}.Ad-Hoc|iPhone.ActiveCfg = Release|Any CPU
		{6C9E1ADE-29C6-4968-A078-A23571A48751}.Ad-Hoc|iPhoneSimulator.ActiveCfg = Release|Any CPU
		{6C9E1ADE-29C6-4968-A078-A23571A48751}.Ad-Hoc|Mixed Platforms.ActiveCfg = Release|Any CPU
		{6C9E1ADE-29C6-4968-A078-A23571A48751}.Ad-Hoc|Mixed Platforms.Build.0 = Release|Any CPU
		{6C9E1ADE-29C6-4968-A078-A23571A48751}.Ad-Hoc|x86.ActiveCfg = Debug|Any CPU
		{6C9E1ADE-29C6-4968-A078-A23571A48751}.AppStore|Any CPU.ActiveCfg = Release|Any CPU
		{6C9E1ADE-29C6-4968-A078-A23571A48751}.AppStore|Any CPU.Build.0 = Release|Any CPU
		{6C9E1ADE-29C6-4968-A078-A23571A48751}.AppStore|ARM.ActiveCfg = Debug|Any CPU
		{6C9E1ADE-29C6-4968-A078-A23571A48751}.AppStore|iPhone.ActiveCfg = Release|Any CPU
		{6C9E1ADE-29C6-4968-A078-A23571A48751}.AppStore|iPhoneSimulator.ActiveCfg = Release|Any CPU
		{6C9E1ADE-29C6-4968-A078-A23571A48751}.AppStore|Mixed Platforms.ActiveCfg = Release|Any CPU
		{6C9E1ADE-29C6-4968-A078-A23571A48751}.AppStore|Mixed Platforms.Build.0 = Release|Any CPU
		{6C9E1ADE-29C6-4968-A078-A23571A48751}.AppStore|x86.ActiveCfg = Debug|Any CPU
		{6C9E1ADE-29C6-4968-A078-A23571A48751}.Debug|Any CPU.ActiveCfg = Debug|Any CPU
		{6C9E1ADE-29C6-4968-A078-A23571A48751}.Debug|Any CPU.Build.0 = Debug|Any CPU
		{6C9E1ADE-29C6-4968-A078-A23571A48751}.Debug|ARM.ActiveCfg = Debug|Any CPU
		{6C9E1ADE-29C6-4968-A078-A23571A48751}.Debug|iPhone.ActiveCfg = Debug|Any CPU
		{6C9E1ADE-29C6-4968-A078-A23571A48751}.Debug|iPhoneSimulator.ActiveCfg = Debug|Any CPU
		{6C9E1ADE-29C6-4968-A078-A23571A48751}.Debug|Mixed Platforms.ActiveCfg = Debug|Any CPU
		{6C9E1ADE-29C6-4968-A078-A23571A48751}.Debug|Mixed Platforms.Build.0 = Debug|Any CPU
		{6C9E1ADE-29C6-4968-A078-A23571A48751}.Debug|x86.ActiveCfg = Debug|Any CPU
		{6C9E1ADE-29C6-4968-A078-A23571A48751}.Release|Any CPU.ActiveCfg = Release|Any CPU
		{6C9E1ADE-29C6-4968-A078-A23571A48751}.Release|Any CPU.Build.0 = Release|Any CPU
		{6C9E1ADE-29C6-4968-A078-A23571A48751}.Release|ARM.ActiveCfg = Release|Any CPU
		{6C9E1ADE-29C6-4968-A078-A23571A48751}.Release|iPhone.ActiveCfg = Release|Any CPU
		{6C9E1ADE-29C6-4968-A078-A23571A48751}.Release|iPhoneSimulator.ActiveCfg = Release|Any CPU
		{6C9E1ADE-29C6-4968-A078-A23571A48751}.Release|Mixed Platforms.ActiveCfg = Release|Any CPU
		{6C9E1ADE-29C6-4968-A078-A23571A48751}.Release|Mixed Platforms.Build.0 = Release|Any CPU
		{6C9E1ADE-29C6-4968-A078-A23571A48751}.Release|x86.ActiveCfg = Release|Any CPU
		{77EA7083-22CF-4BE0-BFA4-C62AABD8DB68}.Ad-Hoc|Any CPU.ActiveCfg = Release|Any CPU
		{77EA7083-22CF-4BE0-BFA4-C62AABD8DB68}.Ad-Hoc|Any CPU.Build.0 = Release|Any CPU
		{77EA7083-22CF-4BE0-BFA4-C62AABD8DB68}.Ad-Hoc|ARM.ActiveCfg = Debug|Any CPU
		{77EA7083-22CF-4BE0-BFA4-C62AABD8DB68}.Ad-Hoc|iPhone.ActiveCfg = Release|Any CPU
		{77EA7083-22CF-4BE0-BFA4-C62AABD8DB68}.Ad-Hoc|iPhoneSimulator.ActiveCfg = Release|Any CPU
		{77EA7083-22CF-4BE0-BFA4-C62AABD8DB68}.Ad-Hoc|Mixed Platforms.ActiveCfg = Release|Any CPU
		{77EA7083-22CF-4BE0-BFA4-C62AABD8DB68}.Ad-Hoc|Mixed Platforms.Build.0 = Release|Any CPU
		{77EA7083-22CF-4BE0-BFA4-C62AABD8DB68}.Ad-Hoc|x86.ActiveCfg = Debug|Any CPU
		{77EA7083-22CF-4BE0-BFA4-C62AABD8DB68}.AppStore|Any CPU.ActiveCfg = Release|Any CPU
		{77EA7083-22CF-4BE0-BFA4-C62AABD8DB68}.AppStore|Any CPU.Build.0 = Release|Any CPU
		{77EA7083-22CF-4BE0-BFA4-C62AABD8DB68}.AppStore|ARM.ActiveCfg = Debug|Any CPU
		{77EA7083-22CF-4BE0-BFA4-C62AABD8DB68}.AppStore|iPhone.ActiveCfg = Release|Any CPU
		{77EA7083-22CF-4BE0-BFA4-C62AABD8DB68}.AppStore|iPhoneSimulator.ActiveCfg = Release|Any CPU
		{77EA7083-22CF-4BE0-BFA4-C62AABD8DB68}.AppStore|Mixed Platforms.ActiveCfg = Release|Any CPU
		{77EA7083-22CF-4BE0-BFA4-C62AABD8DB68}.AppStore|Mixed Platforms.Build.0 = Release|Any CPU
		{77EA7083-22CF-4BE0-BFA4-C62AABD8DB68}.AppStore|x86.ActiveCfg = Debug|Any CPU
		{77EA7083-22CF-4BE0-BFA4-C62AABD8DB68}.Debug|Any CPU.ActiveCfg = Debug|Any CPU
		{77EA7083-22CF-4BE0-BFA4-C62AABD8DB68}.Debug|Any CPU.Build.0 = Debug|Any CPU
		{77EA7083-22CF-4BE0-BFA4-C62AABD8DB68}.Debug|ARM.ActiveCfg = Debug|Any CPU
		{77EA7083-22CF-4BE0-BFA4-C62AABD8DB68}.Debug|iPhone.ActiveCfg = Debug|Any CPU
		{77EA7083-22CF-4BE0-BFA4-C62AABD8DB68}.Debug|iPhoneSimulator.ActiveCfg = Debug|Any CPU
		{77EA7083-22CF-4BE0-BFA4-C62AABD8DB68}.Debug|Mixed Platforms.ActiveCfg = Debug|Any CPU
		{77EA7083-22CF-4BE0-BFA4-C62AABD8DB68}.Debug|Mixed Platforms.Build.0 = Debug|Any CPU
		{77EA7083-22CF-4BE0-BFA4-C62AABD8DB68}.Debug|x86.ActiveCfg = Debug|Any CPU
		{77EA7083-22CF-4BE0-BFA4-C62AABD8DB68}.Release|Any CPU.ActiveCfg = Release|Any CPU
		{77EA7083-22CF-4BE0-BFA4-C62AABD8DB68}.Release|Any CPU.Build.0 = Release|Any CPU
		{77EA7083-22CF-4BE0-BFA4-C62AABD8DB68}.Release|ARM.ActiveCfg = Release|Any CPU
		{77EA7083-22CF-4BE0-BFA4-C62AABD8DB68}.Release|iPhone.ActiveCfg = Release|Any CPU
		{77EA7083-22CF-4BE0-BFA4-C62AABD8DB68}.Release|iPhoneSimulator.ActiveCfg = Release|Any CPU
		{77EA7083-22CF-4BE0-BFA4-C62AABD8DB68}.Release|Mixed Platforms.ActiveCfg = Release|Any CPU
		{77EA7083-22CF-4BE0-BFA4-C62AABD8DB68}.Release|Mixed Platforms.Build.0 = Release|Any CPU
		{77EA7083-22CF-4BE0-BFA4-C62AABD8DB68}.Release|x86.ActiveCfg = Release|Any CPU
		{DD8A8B7D-39ED-4D90-9E30-BA9171C8AF85}.Ad-Hoc|Any CPU.ActiveCfg = Release|Any CPU
		{DD8A8B7D-39ED-4D90-9E30-BA9171C8AF85}.Ad-Hoc|Any CPU.Build.0 = Release|Any CPU
		{DD8A8B7D-39ED-4D90-9E30-BA9171C8AF85}.Ad-Hoc|ARM.ActiveCfg = Debug|Any CPU
		{DD8A8B7D-39ED-4D90-9E30-BA9171C8AF85}.Ad-Hoc|iPhone.ActiveCfg = Release|Any CPU
		{DD8A8B7D-39ED-4D90-9E30-BA9171C8AF85}.Ad-Hoc|iPhoneSimulator.ActiveCfg = Release|Any CPU
		{DD8A8B7D-39ED-4D90-9E30-BA9171C8AF85}.Ad-Hoc|Mixed Platforms.ActiveCfg = Release|Any CPU
		{DD8A8B7D-39ED-4D90-9E30-BA9171C8AF85}.Ad-Hoc|Mixed Platforms.Build.0 = Release|Any CPU
		{DD8A8B7D-39ED-4D90-9E30-BA9171C8AF85}.Ad-Hoc|x86.ActiveCfg = Debug|Any CPU
		{DD8A8B7D-39ED-4D90-9E30-BA9171C8AF85}.AppStore|Any CPU.ActiveCfg = Release|Any CPU
		{DD8A8B7D-39ED-4D90-9E30-BA9171C8AF85}.AppStore|Any CPU.Build.0 = Release|Any CPU
		{DD8A8B7D-39ED-4D90-9E30-BA9171C8AF85}.AppStore|ARM.ActiveCfg = Debug|Any CPU
		{DD8A8B7D-39ED-4D90-9E30-BA9171C8AF85}.AppStore|iPhone.ActiveCfg = Release|Any CPU
		{DD8A8B7D-39ED-4D90-9E30-BA9171C8AF85}.AppStore|iPhoneSimulator.ActiveCfg = Release|Any CPU
		{DD8A8B7D-39ED-4D90-9E30-BA9171C8AF85}.AppStore|Mixed Platforms.ActiveCfg = Release|Any CPU
		{DD8A8B7D-39ED-4D90-9E30-BA9171C8AF85}.AppStore|Mixed Platforms.Build.0 = Release|Any CPU
		{DD8A8B7D-39ED-4D90-9E30-BA9171C8AF85}.AppStore|x86.ActiveCfg = Debug|Any CPU
		{DD8A8B7D-39ED-4D90-9E30-BA9171C8AF85}.Debug|Any CPU.ActiveCfg = Debug|Any CPU
		{DD8A8B7D-39ED-4D90-9E30-BA9171C8AF85}.Debug|Any CPU.Build.0 = Debug|Any CPU
		{DD8A8B7D-39ED-4D90-9E30-BA9171C8AF85}.Debug|ARM.ActiveCfg = Debug|Any CPU
		{DD8A8B7D-39ED-4D90-9E30-BA9171C8AF85}.Debug|iPhone.ActiveCfg = Debug|Any CPU
		{DD8A8B7D-39ED-4D90-9E30-BA9171C8AF85}.Debug|iPhoneSimulator.ActiveCfg = Debug|Any CPU
		{DD8A8B7D-39ED-4D90-9E30-BA9171C8AF85}.Debug|Mixed Platforms.ActiveCfg = Debug|Any CPU
		{DD8A8B7D-39ED-4D90-9E30-BA9171C8AF85}.Debug|Mixed Platforms.Build.0 = Debug|Any CPU
		{DD8A8B7D-39ED-4D90-9E30-BA9171C8AF85}.Debug|x86.ActiveCfg = Debug|Any CPU
		{DD8A8B7D-39ED-4D90-9E30-BA9171C8AF85}.Release|Any CPU.ActiveCfg = Release|Any CPU
		{DD8A8B7D-39ED-4D90-9E30-BA9171C8AF85}.Release|Any CPU.Build.0 = Release|Any CPU
		{DD8A8B7D-39ED-4D90-9E30-BA9171C8AF85}.Release|ARM.ActiveCfg = Release|Any CPU
		{DD8A8B7D-39ED-4D90-9E30-BA9171C8AF85}.Release|iPhone.ActiveCfg = Release|Any CPU
		{DD8A8B7D-39ED-4D90-9E30-BA9171C8AF85}.Release|iPhoneSimulator.ActiveCfg = Release|Any CPU
		{DD8A8B7D-39ED-4D90-9E30-BA9171C8AF85}.Release|Mixed Platforms.ActiveCfg = Release|Any CPU
		{DD8A8B7D-39ED-4D90-9E30-BA9171C8AF85}.Release|Mixed Platforms.Build.0 = Release|Any CPU
		{DD8A8B7D-39ED-4D90-9E30-BA9171C8AF85}.Release|x86.ActiveCfg = Release|Any CPU
		{FEC18EEA-57C4-4182-8187-73BB0210BDAD}.Ad-Hoc|Any CPU.ActiveCfg = Release|Any CPU
		{FEC18EEA-57C4-4182-8187-73BB0210BDAD}.Ad-Hoc|ARM.ActiveCfg = Debug|Any CPU
		{FEC18EEA-57C4-4182-8187-73BB0210BDAD}.Ad-Hoc|iPhone.ActiveCfg = Release|Any CPU
		{FEC18EEA-57C4-4182-8187-73BB0210BDAD}.Ad-Hoc|iPhoneSimulator.ActiveCfg = Release|Any CPU
		{FEC18EEA-57C4-4182-8187-73BB0210BDAD}.Ad-Hoc|Mixed Platforms.ActiveCfg = Release|Any CPU
		{FEC18EEA-57C4-4182-8187-73BB0210BDAD}.Ad-Hoc|x86.ActiveCfg = Debug|Any CPU
		{FEC18EEA-57C4-4182-8187-73BB0210BDAD}.AppStore|Any CPU.ActiveCfg = Release|Any CPU
		{FEC18EEA-57C4-4182-8187-73BB0210BDAD}.AppStore|ARM.ActiveCfg = Debug|Any CPU
		{FEC18EEA-57C4-4182-8187-73BB0210BDAD}.AppStore|iPhone.ActiveCfg = Release|Any CPU
		{FEC18EEA-57C4-4182-8187-73BB0210BDAD}.AppStore|iPhoneSimulator.ActiveCfg = Release|Any CPU
		{FEC18EEA-57C4-4182-8187-73BB0210BDAD}.AppStore|Mixed Platforms.ActiveCfg = Release|Any CPU
		{FEC18EEA-57C4-4182-8187-73BB0210BDAD}.AppStore|x86.ActiveCfg = Debug|Any CPU
		{FEC18EEA-57C4-4182-8187-73BB0210BDAD}.Debug|Any CPU.ActiveCfg = Debug|Any CPU
		{FEC18EEA-57C4-4182-8187-73BB0210BDAD}.Debug|Any CPU.Build.0 = Debug|Any CPU
		{FEC18EEA-57C4-4182-8187-73BB0210BDAD}.Debug|ARM.ActiveCfg = Debug|Any CPU
		{FEC18EEA-57C4-4182-8187-73BB0210BDAD}.Debug|iPhone.ActiveCfg = Debug|Any CPU
		{FEC18EEA-57C4-4182-8187-73BB0210BDAD}.Debug|iPhoneSimulator.ActiveCfg = Debug|Any CPU
		{FEC18EEA-57C4-4182-8187-73BB0210BDAD}.Debug|Mixed Platforms.ActiveCfg = Debug|Any CPU
		{FEC18EEA-57C4-4182-8187-73BB0210BDAD}.Debug|x86.ActiveCfg = Debug|Any CPU
		{FEC18EEA-57C4-4182-8187-73BB0210BDAD}.Release|Any CPU.ActiveCfg = Release|Any CPU
		{FEC18EEA-57C4-4182-8187-73BB0210BDAD}.Release|Any CPU.Build.0 = Release|Any CPU
		{FEC18EEA-57C4-4182-8187-73BB0210BDAD}.Release|ARM.ActiveCfg = Release|Any CPU
		{FEC18EEA-57C4-4182-8187-73BB0210BDAD}.Release|iPhone.ActiveCfg = Release|Any CPU
		{FEC18EEA-57C4-4182-8187-73BB0210BDAD}.Release|iPhoneSimulator.ActiveCfg = Release|Any CPU
		{FEC18EEA-57C4-4182-8187-73BB0210BDAD}.Release|Mixed Platforms.ActiveCfg = Release|Any CPU
		{FEC18EEA-57C4-4182-8187-73BB0210BDAD}.Release|x86.ActiveCfg = Release|Any CPU
		{69476C0B-9BD6-432B-A175-FE19D3254997}.Ad-Hoc|Any CPU.ActiveCfg = Ad-Hoc|iPhone
		{69476C0B-9BD6-432B-A175-FE19D3254997}.Ad-Hoc|ARM.ActiveCfg = Ad-Hoc|iPhoneSimulator
		{69476C0B-9BD6-432B-A175-FE19D3254997}.Ad-Hoc|iPhone.ActiveCfg = Ad-Hoc|iPhone
		{69476C0B-9BD6-432B-A175-FE19D3254997}.Ad-Hoc|iPhone.Build.0 = Ad-Hoc|iPhone
		{69476C0B-9BD6-432B-A175-FE19D3254997}.Ad-Hoc|iPhoneSimulator.ActiveCfg = Ad-Hoc|iPhoneSimulator
		{69476C0B-9BD6-432B-A175-FE19D3254997}.Ad-Hoc|iPhoneSimulator.Build.0 = Ad-Hoc|iPhoneSimulator
		{69476C0B-9BD6-432B-A175-FE19D3254997}.Ad-Hoc|Mixed Platforms.ActiveCfg = Ad-Hoc|iPhone
		{69476C0B-9BD6-432B-A175-FE19D3254997}.Ad-Hoc|Mixed Platforms.Build.0 = Ad-Hoc|iPhone
		{69476C0B-9BD6-432B-A175-FE19D3254997}.Ad-Hoc|x86.ActiveCfg = Ad-Hoc|iPhoneSimulator
		{69476C0B-9BD6-432B-A175-FE19D3254997}.AppStore|Any CPU.ActiveCfg = AppStore|iPhone
		{69476C0B-9BD6-432B-A175-FE19D3254997}.AppStore|ARM.ActiveCfg = AppStore|iPhoneSimulator
		{69476C0B-9BD6-432B-A175-FE19D3254997}.AppStore|iPhone.ActiveCfg = AppStore|iPhone
		{69476C0B-9BD6-432B-A175-FE19D3254997}.AppStore|iPhone.Build.0 = AppStore|iPhone
		{69476C0B-9BD6-432B-A175-FE19D3254997}.AppStore|iPhoneSimulator.ActiveCfg = AppStore|iPhoneSimulator
		{69476C0B-9BD6-432B-A175-FE19D3254997}.AppStore|iPhoneSimulator.Build.0 = AppStore|iPhoneSimulator
		{69476C0B-9BD6-432B-A175-FE19D3254997}.AppStore|Mixed Platforms.ActiveCfg = AppStore|iPhone
		{69476C0B-9BD6-432B-A175-FE19D3254997}.AppStore|Mixed Platforms.Build.0 = AppStore|iPhone
		{69476C0B-9BD6-432B-A175-FE19D3254997}.AppStore|x86.ActiveCfg = AppStore|iPhoneSimulator
		{69476C0B-9BD6-432B-A175-FE19D3254997}.Debug|Any CPU.ActiveCfg = Debug|iPhone
		{69476C0B-9BD6-432B-A175-FE19D3254997}.Debug|ARM.ActiveCfg = Debug|iPhoneSimulator
		{69476C0B-9BD6-432B-A175-FE19D3254997}.Debug|iPhone.ActiveCfg = Debug|iPhone
		{69476C0B-9BD6-432B-A175-FE19D3254997}.Debug|iPhone.Build.0 = Debug|iPhone
		{69476C0B-9BD6-432B-A175-FE19D3254997}.Debug|iPhoneSimulator.ActiveCfg = Debug|iPhoneSimulator
		{69476C0B-9BD6-432B-A175-FE19D3254997}.Debug|iPhoneSimulator.Build.0 = Debug|iPhoneSimulator
		{69476C0B-9BD6-432B-A175-FE19D3254997}.Debug|Mixed Platforms.ActiveCfg = Debug|iPhone
		{69476C0B-9BD6-432B-A175-FE19D3254997}.Debug|Mixed Platforms.Build.0 = Debug|iPhone
		{69476C0B-9BD6-432B-A175-FE19D3254997}.Debug|x86.ActiveCfg = Debug|iPhoneSimulator
		{69476C0B-9BD6-432B-A175-FE19D3254997}.Release|Any CPU.ActiveCfg = Release|iPhone
		{69476C0B-9BD6-432B-A175-FE19D3254997}.Release|ARM.ActiveCfg = Release|iPhoneSimulator
		{69476C0B-9BD6-432B-A175-FE19D3254997}.Release|iPhone.ActiveCfg = Release|iPhone
		{69476C0B-9BD6-432B-A175-FE19D3254997}.Release|iPhone.Build.0 = Release|iPhone
		{69476C0B-9BD6-432B-A175-FE19D3254997}.Release|iPhoneSimulator.ActiveCfg = Release|iPhoneSimulator
		{69476C0B-9BD6-432B-A175-FE19D3254997}.Release|iPhoneSimulator.Build.0 = Release|iPhoneSimulator
		{69476C0B-9BD6-432B-A175-FE19D3254997}.Release|Mixed Platforms.ActiveCfg = Release|iPhone
		{69476C0B-9BD6-432B-A175-FE19D3254997}.Release|Mixed Platforms.Build.0 = Release|iPhone
		{69476C0B-9BD6-432B-A175-FE19D3254997}.Release|x86.ActiveCfg = Release|iPhoneSimulator
		{88A99395-740C-4EAB-A0E6-F9ECE6D8EDB4}.Ad-Hoc|Any CPU.ActiveCfg = Release|Any CPU
		{88A99395-740C-4EAB-A0E6-F9ECE6D8EDB4}.Ad-Hoc|Any CPU.Build.0 = Release|Any CPU
		{88A99395-740C-4EAB-A0E6-F9ECE6D8EDB4}.Ad-Hoc|Any CPU.Deploy.0 = Release|Any CPU
		{88A99395-740C-4EAB-A0E6-F9ECE6D8EDB4}.Ad-Hoc|ARM.ActiveCfg = Release|ARM
		{88A99395-740C-4EAB-A0E6-F9ECE6D8EDB4}.Ad-Hoc|ARM.Build.0 = Release|ARM
		{88A99395-740C-4EAB-A0E6-F9ECE6D8EDB4}.Ad-Hoc|ARM.Deploy.0 = Release|ARM
		{88A99395-740C-4EAB-A0E6-F9ECE6D8EDB4}.Ad-Hoc|iPhone.ActiveCfg = Release|Any CPU
		{88A99395-740C-4EAB-A0E6-F9ECE6D8EDB4}.Ad-Hoc|iPhoneSimulator.ActiveCfg = Release|Any CPU
		{88A99395-740C-4EAB-A0E6-F9ECE6D8EDB4}.Ad-Hoc|Mixed Platforms.ActiveCfg = Release|Any CPU
		{88A99395-740C-4EAB-A0E6-F9ECE6D8EDB4}.Ad-Hoc|Mixed Platforms.Build.0 = Release|Any CPU
		{88A99395-740C-4EAB-A0E6-F9ECE6D8EDB4}.Ad-Hoc|Mixed Platforms.Deploy.0 = Release|Any CPU
		{88A99395-740C-4EAB-A0E6-F9ECE6D8EDB4}.Ad-Hoc|x86.ActiveCfg = Release|x86
		{88A99395-740C-4EAB-A0E6-F9ECE6D8EDB4}.Ad-Hoc|x86.Build.0 = Release|x86
		{88A99395-740C-4EAB-A0E6-F9ECE6D8EDB4}.Ad-Hoc|x86.Deploy.0 = Release|x86
		{88A99395-740C-4EAB-A0E6-F9ECE6D8EDB4}.AppStore|Any CPU.ActiveCfg = Release|Any CPU
		{88A99395-740C-4EAB-A0E6-F9ECE6D8EDB4}.AppStore|Any CPU.Build.0 = Release|Any CPU
		{88A99395-740C-4EAB-A0E6-F9ECE6D8EDB4}.AppStore|Any CPU.Deploy.0 = Release|Any CPU
		{88A99395-740C-4EAB-A0E6-F9ECE6D8EDB4}.AppStore|ARM.ActiveCfg = Release|ARM
		{88A99395-740C-4EAB-A0E6-F9ECE6D8EDB4}.AppStore|ARM.Build.0 = Release|ARM
		{88A99395-740C-4EAB-A0E6-F9ECE6D8EDB4}.AppStore|ARM.Deploy.0 = Release|ARM
		{88A99395-740C-4EAB-A0E6-F9ECE6D8EDB4}.AppStore|iPhone.ActiveCfg = Release|Any CPU
		{88A99395-740C-4EAB-A0E6-F9ECE6D8EDB4}.AppStore|iPhoneSimulator.ActiveCfg = Release|Any CPU
		{88A99395-740C-4EAB-A0E6-F9ECE6D8EDB4}.AppStore|Mixed Platforms.ActiveCfg = Release|Any CPU
		{88A99395-740C-4EAB-A0E6-F9ECE6D8EDB4}.AppStore|Mixed Platforms.Build.0 = Release|Any CPU
		{88A99395-740C-4EAB-A0E6-F9ECE6D8EDB4}.AppStore|Mixed Platforms.Deploy.0 = Release|Any CPU
		{88A99395-740C-4EAB-A0E6-F9ECE6D8EDB4}.AppStore|x86.ActiveCfg = Release|x86
		{88A99395-740C-4EAB-A0E6-F9ECE6D8EDB4}.AppStore|x86.Build.0 = Release|x86
		{88A99395-740C-4EAB-A0E6-F9ECE6D8EDB4}.AppStore|x86.Deploy.0 = Release|x86
		{88A99395-740C-4EAB-A0E6-F9ECE6D8EDB4}.Debug|Any CPU.ActiveCfg = Debug|Any CPU
		{88A99395-740C-4EAB-A0E6-F9ECE6D8EDB4}.Debug|Any CPU.Build.0 = Debug|Any CPU
		{88A99395-740C-4EAB-A0E6-F9ECE6D8EDB4}.Debug|Any CPU.Deploy.0 = Debug|Any CPU
		{88A99395-740C-4EAB-A0E6-F9ECE6D8EDB4}.Debug|ARM.ActiveCfg = Debug|ARM
		{88A99395-740C-4EAB-A0E6-F9ECE6D8EDB4}.Debug|ARM.Build.0 = Debug|ARM
		{88A99395-740C-4EAB-A0E6-F9ECE6D8EDB4}.Debug|ARM.Deploy.0 = Debug|ARM
		{88A99395-740C-4EAB-A0E6-F9ECE6D8EDB4}.Debug|iPhone.ActiveCfg = Debug|Any CPU
		{88A99395-740C-4EAB-A0E6-F9ECE6D8EDB4}.Debug|iPhoneSimulator.ActiveCfg = Debug|Any CPU
		{88A99395-740C-4EAB-A0E6-F9ECE6D8EDB4}.Debug|Mixed Platforms.ActiveCfg = Debug|Any CPU
		{88A99395-740C-4EAB-A0E6-F9ECE6D8EDB4}.Debug|Mixed Platforms.Build.0 = Debug|Any CPU
		{88A99395-740C-4EAB-A0E6-F9ECE6D8EDB4}.Debug|Mixed Platforms.Deploy.0 = Debug|Any CPU
		{88A99395-740C-4EAB-A0E6-F9ECE6D8EDB4}.Debug|x86.ActiveCfg = Debug|x86
		{88A99395-740C-4EAB-A0E6-F9ECE6D8EDB4}.Debug|x86.Build.0 = Debug|x86
		{88A99395-740C-4EAB-A0E6-F9ECE6D8EDB4}.Debug|x86.Deploy.0 = Debug|x86
		{88A99395-740C-4EAB-A0E6-F9ECE6D8EDB4}.Release|Any CPU.ActiveCfg = Release|Any CPU
		{88A99395-740C-4EAB-A0E6-F9ECE6D8EDB4}.Release|Any CPU.Build.0 = Release|Any CPU
		{88A99395-740C-4EAB-A0E6-F9ECE6D8EDB4}.Release|Any CPU.Deploy.0 = Release|Any CPU
		{88A99395-740C-4EAB-A0E6-F9ECE6D8EDB4}.Release|ARM.ActiveCfg = Release|ARM
		{88A99395-740C-4EAB-A0E6-F9ECE6D8EDB4}.Release|ARM.Build.0 = Release|ARM
		{88A99395-740C-4EAB-A0E6-F9ECE6D8EDB4}.Release|ARM.Deploy.0 = Release|ARM
		{88A99395-740C-4EAB-A0E6-F9ECE6D8EDB4}.Release|iPhone.ActiveCfg = Release|Any CPU
		{88A99395-740C-4EAB-A0E6-F9ECE6D8EDB4}.Release|iPhoneSimulator.ActiveCfg = Release|Any CPU
		{88A99395-740C-4EAB-A0E6-F9ECE6D8EDB4}.Release|Mixed Platforms.ActiveCfg = Release|Any CPU
		{88A99395-740C-4EAB-A0E6-F9ECE6D8EDB4}.Release|Mixed Platforms.Build.0 = Release|Any CPU
		{88A99395-740C-4EAB-A0E6-F9ECE6D8EDB4}.Release|Mixed Platforms.Deploy.0 = Release|Any CPU
		{88A99395-740C-4EAB-A0E6-F9ECE6D8EDB4}.Release|x86.ActiveCfg = Release|x86
		{88A99395-740C-4EAB-A0E6-F9ECE6D8EDB4}.Release|x86.Build.0 = Release|x86
		{88A99395-740C-4EAB-A0E6-F9ECE6D8EDB4}.Release|x86.Deploy.0 = Release|x86
		{3C80A0FA-A8F0-4CAF-8118-7FFB9C90FB0D}.Ad-Hoc|Any CPU.ActiveCfg = Ad-Hoc|iPhone
		{3C80A0FA-A8F0-4CAF-8118-7FFB9C90FB0D}.Ad-Hoc|ARM.ActiveCfg = Ad-Hoc|iPhoneSimulator
		{3C80A0FA-A8F0-4CAF-8118-7FFB9C90FB0D}.Ad-Hoc|iPhone.ActiveCfg = Ad-Hoc|iPhone
		{3C80A0FA-A8F0-4CAF-8118-7FFB9C90FB0D}.Ad-Hoc|iPhone.Build.0 = Ad-Hoc|iPhone
		{3C80A0FA-A8F0-4CAF-8118-7FFB9C90FB0D}.Ad-Hoc|iPhoneSimulator.ActiveCfg = Ad-Hoc|iPhoneSimulator
		{3C80A0FA-A8F0-4CAF-8118-7FFB9C90FB0D}.Ad-Hoc|iPhoneSimulator.Build.0 = Ad-Hoc|iPhoneSimulator
		{3C80A0FA-A8F0-4CAF-8118-7FFB9C90FB0D}.Ad-Hoc|Mixed Platforms.ActiveCfg = Ad-Hoc|iPhone
		{3C80A0FA-A8F0-4CAF-8118-7FFB9C90FB0D}.Ad-Hoc|Mixed Platforms.Build.0 = Ad-Hoc|iPhone
		{3C80A0FA-A8F0-4CAF-8118-7FFB9C90FB0D}.Ad-Hoc|x86.ActiveCfg = Ad-Hoc|iPhoneSimulator
		{3C80A0FA-A8F0-4CAF-8118-7FFB9C90FB0D}.AppStore|Any CPU.ActiveCfg = AppStore|iPhone
		{3C80A0FA-A8F0-4CAF-8118-7FFB9C90FB0D}.AppStore|ARM.ActiveCfg = AppStore|iPhoneSimulator
		{3C80A0FA-A8F0-4CAF-8118-7FFB9C90FB0D}.AppStore|iPhone.ActiveCfg = AppStore|iPhone
		{3C80A0FA-A8F0-4CAF-8118-7FFB9C90FB0D}.AppStore|iPhone.Build.0 = AppStore|iPhone
		{3C80A0FA-A8F0-4CAF-8118-7FFB9C90FB0D}.AppStore|iPhoneSimulator.ActiveCfg = AppStore|iPhoneSimulator
		{3C80A0FA-A8F0-4CAF-8118-7FFB9C90FB0D}.AppStore|iPhoneSimulator.Build.0 = AppStore|iPhoneSimulator
		{3C80A0FA-A8F0-4CAF-8118-7FFB9C90FB0D}.AppStore|Mixed Platforms.ActiveCfg = AppStore|iPhone
		{3C80A0FA-A8F0-4CAF-8118-7FFB9C90FB0D}.AppStore|Mixed Platforms.Build.0 = AppStore|iPhone
		{3C80A0FA-A8F0-4CAF-8118-7FFB9C90FB0D}.AppStore|x86.ActiveCfg = AppStore|iPhoneSimulator
		{3C80A0FA-A8F0-4CAF-8118-7FFB9C90FB0D}.Debug|Any CPU.ActiveCfg = Debug|iPhone
		{3C80A0FA-A8F0-4CAF-8118-7FFB9C90FB0D}.Debug|ARM.ActiveCfg = Debug|iPhoneSimulator
		{3C80A0FA-A8F0-4CAF-8118-7FFB9C90FB0D}.Debug|iPhone.ActiveCfg = Debug|iPhone
		{3C80A0FA-A8F0-4CAF-8118-7FFB9C90FB0D}.Debug|iPhone.Build.0 = Debug|iPhone
		{3C80A0FA-A8F0-4CAF-8118-7FFB9C90FB0D}.Debug|iPhoneSimulator.ActiveCfg = Debug|iPhoneSimulator
		{3C80A0FA-A8F0-4CAF-8118-7FFB9C90FB0D}.Debug|iPhoneSimulator.Build.0 = Debug|iPhoneSimulator
		{3C80A0FA-A8F0-4CAF-8118-7FFB9C90FB0D}.Debug|Mixed Platforms.ActiveCfg = Debug|iPhone
		{3C80A0FA-A8F0-4CAF-8118-7FFB9C90FB0D}.Debug|Mixed Platforms.Build.0 = Debug|iPhone
		{3C80A0FA-A8F0-4CAF-8118-7FFB9C90FB0D}.Debug|x86.ActiveCfg = Debug|iPhoneSimulator
		{3C80A0FA-A8F0-4CAF-8118-7FFB9C90FB0D}.Release|Any CPU.ActiveCfg = Release|iPhone
		{3C80A0FA-A8F0-4CAF-8118-7FFB9C90FB0D}.Release|ARM.ActiveCfg = Release|iPhoneSimulator
		{3C80A0FA-A8F0-4CAF-8118-7FFB9C90FB0D}.Release|iPhone.ActiveCfg = Release|iPhone
		{3C80A0FA-A8F0-4CAF-8118-7FFB9C90FB0D}.Release|iPhone.Build.0 = Release|iPhone
		{3C80A0FA-A8F0-4CAF-8118-7FFB9C90FB0D}.Release|iPhoneSimulator.ActiveCfg = Release|iPhoneSimulator
		{3C80A0FA-A8F0-4CAF-8118-7FFB9C90FB0D}.Release|iPhoneSimulator.Build.0 = Release|iPhoneSimulator
		{3C80A0FA-A8F0-4CAF-8118-7FFB9C90FB0D}.Release|Mixed Platforms.ActiveCfg = Release|iPhone
		{3C80A0FA-A8F0-4CAF-8118-7FFB9C90FB0D}.Release|Mixed Platforms.Build.0 = Release|iPhone
		{3C80A0FA-A8F0-4CAF-8118-7FFB9C90FB0D}.Release|x86.ActiveCfg = Release|iPhoneSimulator
		{BAA17CE6-6099-4BB8-A110-552814701901}.Ad-Hoc|Any CPU.ActiveCfg = Release|Any CPU
		{BAA17CE6-6099-4BB8-A110-552814701901}.Ad-Hoc|Any CPU.Build.0 = Release|Any CPU
		{BAA17CE6-6099-4BB8-A110-552814701901}.Ad-Hoc|ARM.ActiveCfg = Debug|Any CPU
		{BAA17CE6-6099-4BB8-A110-552814701901}.Ad-Hoc|iPhone.ActiveCfg = Release|Any CPU
		{BAA17CE6-6099-4BB8-A110-552814701901}.Ad-Hoc|iPhone.Build.0 = Release|Any CPU
		{BAA17CE6-6099-4BB8-A110-552814701901}.Ad-Hoc|iPhoneSimulator.ActiveCfg = Release|Any CPU
		{BAA17CE6-6099-4BB8-A110-552814701901}.Ad-Hoc|iPhoneSimulator.Build.0 = Release|Any CPU
		{BAA17CE6-6099-4BB8-A110-552814701901}.Ad-Hoc|Mixed Platforms.ActiveCfg = Release|Any CPU
		{BAA17CE6-6099-4BB8-A110-552814701901}.Ad-Hoc|Mixed Platforms.Build.0 = Release|Any CPU
		{BAA17CE6-6099-4BB8-A110-552814701901}.Ad-Hoc|x86.ActiveCfg = Debug|Any CPU
		{BAA17CE6-6099-4BB8-A110-552814701901}.AppStore|Any CPU.ActiveCfg = Release|Any CPU
		{BAA17CE6-6099-4BB8-A110-552814701901}.AppStore|Any CPU.Build.0 = Release|Any CPU
		{BAA17CE6-6099-4BB8-A110-552814701901}.AppStore|ARM.ActiveCfg = Debug|Any CPU
		{BAA17CE6-6099-4BB8-A110-552814701901}.AppStore|iPhone.ActiveCfg = Release|Any CPU
		{BAA17CE6-6099-4BB8-A110-552814701901}.AppStore|iPhone.Build.0 = Release|Any CPU
		{BAA17CE6-6099-4BB8-A110-552814701901}.AppStore|iPhoneSimulator.ActiveCfg = Release|Any CPU
		{BAA17CE6-6099-4BB8-A110-552814701901}.AppStore|iPhoneSimulator.Build.0 = Release|Any CPU
		{BAA17CE6-6099-4BB8-A110-552814701901}.AppStore|Mixed Platforms.ActiveCfg = Release|Any CPU
		{BAA17CE6-6099-4BB8-A110-552814701901}.AppStore|Mixed Platforms.Build.0 = Release|Any CPU
		{BAA17CE6-6099-4BB8-A110-552814701901}.AppStore|x86.ActiveCfg = Debug|Any CPU
		{BAA17CE6-6099-4BB8-A110-552814701901}.Debug|Any CPU.ActiveCfg = Debug|Any CPU
		{BAA17CE6-6099-4BB8-A110-552814701901}.Debug|Any CPU.Build.0 = Debug|Any CPU
		{BAA17CE6-6099-4BB8-A110-552814701901}.Debug|ARM.ActiveCfg = Debug|Any CPU
		{BAA17CE6-6099-4BB8-A110-552814701901}.Debug|iPhone.ActiveCfg = Debug|Any CPU
		{BAA17CE6-6099-4BB8-A110-552814701901}.Debug|iPhone.Build.0 = Debug|Any CPU
		{BAA17CE6-6099-4BB8-A110-552814701901}.Debug|iPhoneSimulator.ActiveCfg = Debug|Any CPU
		{BAA17CE6-6099-4BB8-A110-552814701901}.Debug|iPhoneSimulator.Build.0 = Debug|Any CPU
		{BAA17CE6-6099-4BB8-A110-552814701901}.Debug|Mixed Platforms.ActiveCfg = Debug|Any CPU
		{BAA17CE6-6099-4BB8-A110-552814701901}.Debug|Mixed Platforms.Build.0 = Debug|Any CPU
		{BAA17CE6-6099-4BB8-A110-552814701901}.Debug|x86.ActiveCfg = Debug|Any CPU
		{BAA17CE6-6099-4BB8-A110-552814701901}.Release|Any CPU.ActiveCfg = Release|Any CPU
		{BAA17CE6-6099-4BB8-A110-552814701901}.Release|Any CPU.Build.0 = Release|Any CPU
		{BAA17CE6-6099-4BB8-A110-552814701901}.Release|ARM.ActiveCfg = Release|Any CPU
		{BAA17CE6-6099-4BB8-A110-552814701901}.Release|iPhone.ActiveCfg = Release|Any CPU
		{BAA17CE6-6099-4BB8-A110-552814701901}.Release|iPhone.Build.0 = Release|Any CPU
		{BAA17CE6-6099-4BB8-A110-552814701901}.Release|iPhoneSimulator.ActiveCfg = Release|Any CPU
		{BAA17CE6-6099-4BB8-A110-552814701901}.Release|iPhoneSimulator.Build.0 = Release|Any CPU
		{BAA17CE6-6099-4BB8-A110-552814701901}.Release|Mixed Platforms.ActiveCfg = Release|Any CPU
		{BAA17CE6-6099-4BB8-A110-552814701901}.Release|Mixed Platforms.Build.0 = Release|Any CPU
		{BAA17CE6-6099-4BB8-A110-552814701901}.Release|x86.ActiveCfg = Release|Any CPU
		{8E47B485-5486-4774-8505-163608A03018}.Ad-Hoc|Any CPU.ActiveCfg = Release|Any CPU
		{8E47B485-5486-4774-8505-163608A03018}.Ad-Hoc|Any CPU.Build.0 = Release|Any CPU
		{8E47B485-5486-4774-8505-163608A03018}.Ad-Hoc|ARM.ActiveCfg = Release|Any CPU
		{8E47B485-5486-4774-8505-163608A03018}.Ad-Hoc|iPhone.ActiveCfg = Release|Any CPU
		{8E47B485-5486-4774-8505-163608A03018}.Ad-Hoc|iPhoneSimulator.ActiveCfg = Release|Any CPU
		{8E47B485-5486-4774-8505-163608A03018}.Ad-Hoc|Mixed Platforms.ActiveCfg = Release|Any CPU
		{8E47B485-5486-4774-8505-163608A03018}.Ad-Hoc|Mixed Platforms.Build.0 = Release|Any CPU
		{8E47B485-5486-4774-8505-163608A03018}.Ad-Hoc|x86.ActiveCfg = Release|Any CPU
		{8E47B485-5486-4774-8505-163608A03018}.AppStore|Any CPU.ActiveCfg = Release|Any CPU
		{8E47B485-5486-4774-8505-163608A03018}.AppStore|Any CPU.Build.0 = Release|Any CPU
		{8E47B485-5486-4774-8505-163608A03018}.AppStore|ARM.ActiveCfg = Release|Any CPU
		{8E47B485-5486-4774-8505-163608A03018}.AppStore|iPhone.ActiveCfg = Release|Any CPU
		{8E47B485-5486-4774-8505-163608A03018}.AppStore|iPhoneSimulator.ActiveCfg = Release|Any CPU
		{8E47B485-5486-4774-8505-163608A03018}.AppStore|Mixed Platforms.ActiveCfg = Release|Any CPU
		{8E47B485-5486-4774-8505-163608A03018}.AppStore|Mixed Platforms.Build.0 = Release|Any CPU
		{8E47B485-5486-4774-8505-163608A03018}.AppStore|x86.ActiveCfg = Release|Any CPU
		{8E47B485-5486-4774-8505-163608A03018}.Debug|Any CPU.ActiveCfg = Debug|Any CPU
		{8E47B485-5486-4774-8505-163608A03018}.Debug|Any CPU.Build.0 = Debug|Any CPU
		{8E47B485-5486-4774-8505-163608A03018}.Debug|ARM.ActiveCfg = Debug|Any CPU
		{8E47B485-5486-4774-8505-163608A03018}.Debug|iPhone.ActiveCfg = Debug|Any CPU
		{8E47B485-5486-4774-8505-163608A03018}.Debug|iPhoneSimulator.ActiveCfg = Debug|Any CPU
		{8E47B485-5486-4774-8505-163608A03018}.Debug|Mixed Platforms.ActiveCfg = Debug|Any CPU
		{8E47B485-5486-4774-8505-163608A03018}.Debug|Mixed Platforms.Build.0 = Debug|Any CPU
		{8E47B485-5486-4774-8505-163608A03018}.Debug|x86.ActiveCfg = Debug|Any CPU
		{8E47B485-5486-4774-8505-163608A03018}.Release|Any CPU.ActiveCfg = Release|Any CPU
		{8E47B485-5486-4774-8505-163608A03018}.Release|Any CPU.Build.0 = Release|Any CPU
		{8E47B485-5486-4774-8505-163608A03018}.Release|ARM.ActiveCfg = Release|Any CPU
		{8E47B485-5486-4774-8505-163608A03018}.Release|iPhone.ActiveCfg = Release|Any CPU
		{8E47B485-5486-4774-8505-163608A03018}.Release|iPhoneSimulator.ActiveCfg = Release|Any CPU
		{8E47B485-5486-4774-8505-163608A03018}.Release|Mixed Platforms.ActiveCfg = Release|Any CPU
		{8E47B485-5486-4774-8505-163608A03018}.Release|Mixed Platforms.Build.0 = Release|Any CPU
		{8E47B485-5486-4774-8505-163608A03018}.Release|x86.ActiveCfg = Release|Any CPU
	EndGlobalSection
	GlobalSection(SolutionProperties) = preSolution
		HideSolutionNode = FALSE
	EndGlobalSection
	GlobalSection(NestedProjects) = preSolution
		{AE492023-40B8-4D65-90C1-823CB59C2EB0} = {4002443F-CFB9-41B2-BFF3-A3ED2BF5B0A3}
		{6C9E1ADE-29C6-4968-A078-A23571A48751} = {E6E33B59-304A-4B9E-A70E-B58817606FA6}
		{77EA7083-22CF-4BE0-BFA4-C62AABD8DB68} = {E6E33B59-304A-4B9E-A70E-B58817606FA6}
		{DD8A8B7D-39ED-4D90-9E30-BA9171C8AF85} = {E6E33B59-304A-4B9E-A70E-B58817606FA6}
		{FEC18EEA-57C4-4182-8187-73BB0210BDAD} = {E6E33B59-304A-4B9E-A70E-B58817606FA6}
		{69476C0B-9BD6-432B-A175-FE19D3254997} = {E6E33B59-304A-4B9E-A70E-B58817606FA6}
		{BAD9585D-10CD-455C-B8E8-59862256D17A} = {6654EE00-CDBB-46F8-9F7E-97746A552806}
		{808BEB78-CB65-454A-AAD2-C20AF68C5F2A} = {6654EE00-CDBB-46F8-9F7E-97746A552806}
		{4A96F4F2-B68D-4D42-962F-6A731CF53375} = {6654EE00-CDBB-46F8-9F7E-97746A552806}
		{CBC676C7-4143-4449-9EDE-A5EA25C35470} = {6654EE00-CDBB-46F8-9F7E-97746A552806}
		{8E47B485-5486-4774-8505-163608A03018} = {BAD9585D-10CD-455C-B8E8-59862256D17A}
		{88A99395-740C-4EAB-A0E6-F9ECE6D8EDB4} = {808BEB78-CB65-454A-AAD2-C20AF68C5F2A}
		{BAA17CE6-6099-4BB8-A110-552814701901} = {4A96F4F2-B68D-4D42-962F-6A731CF53375}
		{3C80A0FA-A8F0-4CAF-8118-7FFB9C90FB0D} = {CBC676C7-4143-4449-9EDE-A5EA25C35470}
	EndGlobalSection
	GlobalSection(MonoDevelopProperties) = preSolution
		StartupItem = Portable.IO\Portable.IO.csproj
	EndGlobalSection
EndGlobal
