
Microsoft Visual Studio Solution File, Format Version 12.00
# Visual Studio 2012
Project("{2150E333-8FDC-42A3-9474-1A3956D46DE8}") = ".items", ".items", "{4002443F-CFB9-41B2-BFF3-A3ED2BF5B0A3}"
	ProjectSection(SolutionItems) = preProject
		..\README.md = ..\README.md
		Version.txt = Version.txt
	EndProjectSection
EndProject
Project("{2150E333-8FDC-42A3-9474-1A3956D46DE8}") = "Build", "Build", "{AE492023-40B8-4D65-90C1-823CB59C2EB0}"
	ProjectSection(SolutionItems) = preProject
		..\Build\Build.proj = ..\Build\Build.proj
		..\Build\Portable.IO.Desktop.nuspec = ..\Build\Portable.IO.Desktop.nuspec
		..\Build\Portable.IO.nuspec = ..\Build\Portable.IO.nuspec
		..\Build\Portable.IO.WindowsPhone.nuspec = ..\Build\Portable.IO.WindowsPhone.nuspec
	EndProjectSection
EndProject
Project("{2150E333-8FDC-42A3-9474-1A3956D46DE8}") = "Projects", "Projects", "{E6E33B59-304A-4B9E-A70E-B58817606FA6}"
EndProject
Project("{FAE04EC0-301F-11D3-BF4B-00C04F79EFBC}") = "Portable.IO", "Portable.IO\Portable.IO.csproj", "{6C9E1ADE-29C6-4968-A078-A23571A48751}"
EndProject
Project("{2150E333-8FDC-42A3-9474-1A3956D46DE8}") = "Testing", "Testing", "{6654EE00-CDBB-46F8-9F7E-97746A552806}"
EndProject
Project("{FAE04EC0-301F-11D3-BF4B-00C04F79EFBC}") = "Portable.IO.Tests.WindowsPhone", "Portable.IO.Tests.WindowsPhone\Portable.IO.Tests.WindowsPhone.csproj", "{88A99395-740C-4EAB-A0E6-F9ECE6D8EDB4}"
EndProject
Project("{2150E333-8FDC-42A3-9474-1A3956D46DE8}") = ".nuget", ".nuget", "{19CAB9B4-B87D-452E-B0B5-A4E1BC17D88E}"
	ProjectSection(SolutionItems) = preProject
		.nuget\NuGet.Config = .nuget\NuGet.Config
		.nuget\NuGet.exe = .nuget\NuGet.exe
		.nuget\NuGet.targets = .nuget\NuGet.targets
		.nuget\UpdateNuGet.bat = .nuget\UpdateNuGet.bat
	EndProjectSection
EndProject
Project("{2150E333-8FDC-42A3-9474-1A3956D46DE8}") = ".files", ".files", "{22999453-1718-4FAC-821B-3A19CB65FF41}"
	ProjectSection(SolutionItems) = preProject
		DirectoryNotFoundException.cs = DirectoryNotFoundException.cs
		FileNotFoundException.cs = FileNotFoundException.cs
		FileSystem.cs = FileSystem.cs
	EndProjectSection
EndProject
Project("{FAE04EC0-301F-11D3-BF4B-00C04F79EFBC}") = "Portable.IO.WindowsPhone", "Portable.IO.WindowsPhone\Portable.IO.WindowsPhone.csproj", "{1C70DBB2-1A2F-4739-A6E1-B5CAA49605F6}"
EndProject
Project("{FAE04EC0-301F-11D3-BF4B-00C04F79EFBC}") = "Portable.IO.Desktop", "Portable.IO.Desktop\Portable.IO.Desktop.csproj", "{77EA7083-22CF-4BE0-BFA4-C62AABD8DB68}"
EndProject
Project("{FAE04EC0-301F-11D3-BF4B-00C04F79EFBC}") = "Portable.IO.Tests.Desktop", "Portable.IO.Tests.Desktop\Portable.IO.Tests.Desktop.csproj", "{8E47B485-5486-4774-8505-163608A03018}"
EndProject
Global
	GlobalSection(SolutionConfigurationPlatforms) = preSolution
		Ad-Hoc|Any CPU = Ad-Hoc|Any CPU
		Ad-Hoc|ARM = Ad-Hoc|ARM
		Ad-Hoc|iPhone = Ad-Hoc|iPhone
		Ad-Hoc|iPhoneSimulator = Ad-Hoc|iPhoneSimulator
		Ad-Hoc|Mixed Platforms = Ad-Hoc|Mixed Platforms
		Ad-Hoc|x86 = Ad-Hoc|x86
		AppStore|Any CPU = AppStore|Any CPU
		AppStore|ARM = AppStore|ARM
		AppStore|iPhone = AppStore|iPhone
		AppStore|iPhoneSimulator = AppStore|iPhoneSimulator
		AppStore|Mixed Platforms = AppStore|Mixed Platforms
		AppStore|x86 = AppStore|x86
		Debug|Any CPU = Debug|Any CPU
		Debug|ARM = Debug|ARM
		Debug|iPhone = Debug|iPhone
		Debug|iPhoneSimulator = Debug|iPhoneSimulator
		Debug|Mixed Platforms = Debug|Mixed Platforms
		Debug|x86 = Debug|x86
		Release|Any CPU = Release|Any CPU
		Release|ARM = Release|ARM
		Release|iPhone = Release|iPhone
		Release|iPhoneSimulator = Release|iPhoneSimulator
		Release|Mixed Platforms = Release|Mixed Platforms
		Release|x86 = Release|x86
	EndGlobalSection
	GlobalSection(ProjectConfigurationPlatforms) = postSolution
		{6C9E1ADE-29C6-4968-A078-A23571A48751}.Ad-Hoc|Any CPU.ActiveCfg = Release|Any CPU
		{6C9E1ADE-29C6-4968-A078-A23571A48751}.Ad-Hoc|Any CPU.Build.0 = Release|Any CPU
		{6C9E1ADE-29C6-4968-A078-A23571A48751}.Ad-Hoc|ARM.ActiveCfg = Debug|Any CPU
		{6C9E1ADE-29C6-4968-A078-A23571A48751}.Ad-Hoc|iPhone.ActiveCfg = Release|Any CPU
		{6C9E1ADE-29C6-4968-A078-A23571A48751}.Ad-Hoc|iPhoneSimulator.ActiveCfg = Release|Any CPU
		{6C9E1ADE-29C6-4968-A078-A23571A48751}.Ad-Hoc|Mixed Platforms.ActiveCfg = Release|Any CPU
		{6C9E1ADE-29C6-4968-A078-A23571A48751}.Ad-Hoc|Mixed Platforms.Build.0 = Release|Any CPU
		{6C9E1ADE-29C6-4968-A078-A23571A48751}.Ad-Hoc|x86.ActiveCfg = Debug|Any CPU
		{6C9E1ADE-29C6-4968-A078-A23571A48751}.AppStore|Any CPU.ActiveCfg = Release|Any CPU
		{6C9E1ADE-29C6-4968-A078-A23571A48751}.AppStore|Any CPU.Build.0 = Release|Any CPU
		{6C9E1ADE-29C6-4968-A078-A23571A48751}.AppStore|ARM.ActiveCfg = Debug|Any CPU
		{6C9E1ADE-29C6-4968-A078-A23571A48751}.AppStore|iPhone.ActiveCfg = Release|Any CPU
		{6C9E1ADE-29C6-4968-A078-A23571A48751}.AppStore|iPhoneSimulator.ActiveCfg = Release|Any CPU
		{6C9E1ADE-29C6-4968-A078-A23571A48751}.AppStore|Mixed Platforms.ActiveCfg = Release|Any CPU
		{6C9E1ADE-29C6-4968-A078-A23571A48751}.AppStore|Mixed Platforms.Build.0 = Release|Any CPU
		{6C9E1ADE-29C6-4968-A078-A23571A48751}.AppStore|x86.ActiveCfg = Debug|Any CPU
		{6C9E1ADE-29C6-4968-A078-A23571A48751}.Debug|Any CPU.ActiveCfg = Debug|Any CPU
		{6C9E1ADE-29C6-4968-A078-A23571A48751}.Debug|Any CPU.Build.0 = Debug|Any CPU
		{6C9E1ADE-29C6-4968-A078-A23571A48751}.Debug|ARM.ActiveCfg = Debug|Any CPU
		{6C9E1ADE-29C6-4968-A078-A23571A48751}.Debug|iPhone.ActiveCfg = Debug|Any CPU
		{6C9E1ADE-29C6-4968-A078-A23571A48751}.Debug|iPhoneSimulator.ActiveCfg = Debug|Any CPU
		{6C9E1ADE-29C6-4968-A078-A23571A48751}.Debug|Mixed Platforms.ActiveCfg = Debug|Any CPU
		{6C9E1ADE-29C6-4968-A078-A23571A48751}.Debug|Mixed Platforms.Build.0 = Debug|Any CPU
		{6C9E1ADE-29C6-4968-A078-A23571A48751}.Debug|x86.ActiveCfg = Debug|Any CPU
		{6C9E1ADE-29C6-4968-A078-A23571A48751}.Release|Any CPU.ActiveCfg = Release|Any CPU
		{6C9E1ADE-29C6-4968-A078-A23571A48751}.Release|Any CPU.Build.0 = Release|Any CPU
		{6C9E1ADE-29C6-4968-A078-A23571A48751}.Release|ARM.ActiveCfg = Release|Any CPU
		{6C9E1ADE-29C6-4968-A078-A23571A48751}.Release|iPhone.ActiveCfg = Release|Any CPU
		{6C9E1ADE-29C6-4968-A078-A23571A48751}.Release|iPhoneSimulator.ActiveCfg = Release|Any CPU
		{6C9E1ADE-29C6-4968-A078-A23571A48751}.Release|Mixed Platforms.ActiveCfg = Release|Any CPU
		{6C9E1ADE-29C6-4968-A078-A23571A48751}.Release|Mixed Platforms.Build.0 = Release|Any CPU
		{6C9E1ADE-29C6-4968-A078-A23571A48751}.Release|x86.ActiveCfg = Release|Any CPU
		{88A99395-740C-4EAB-A0E6-F9ECE6D8EDB4}.Ad-Hoc|Any CPU.ActiveCfg = Release|Any CPU
		{88A99395-740C-4EAB-A0E6-F9ECE6D8EDB4}.Ad-Hoc|Any CPU.Build.0 = Release|Any CPU
		{88A99395-740C-4EAB-A0E6-F9ECE6D8EDB4}.Ad-Hoc|Any CPU.Deploy.0 = Release|Any CPU
		{88A99395-740C-4EAB-A0E6-F9ECE6D8EDB4}.Ad-Hoc|ARM.ActiveCfg = Release|ARM
		{88A99395-740C-4EAB-A0E6-F9ECE6D8EDB4}.Ad-Hoc|ARM.Build.0 = Release|ARM
		{88A99395-740C-4EAB-A0E6-F9ECE6D8EDB4}.Ad-Hoc|ARM.Deploy.0 = Release|ARM
		{88A99395-740C-4EAB-A0E6-F9ECE6D8EDB4}.Ad-Hoc|iPhone.ActiveCfg = Release|Any CPU
		{88A99395-740C-4EAB-A0E6-F9ECE6D8EDB4}.Ad-Hoc|iPhoneSimulator.ActiveCfg = Release|Any CPU
		{88A99395-740C-4EAB-A0E6-F9ECE6D8EDB4}.Ad-Hoc|Mixed Platforms.ActiveCfg = Release|Any CPU
		{88A99395-740C-4EAB-A0E6-F9ECE6D8EDB4}.Ad-Hoc|Mixed Platforms.Build.0 = Release|Any CPU
		{88A99395-740C-4EAB-A0E6-F9ECE6D8EDB4}.Ad-Hoc|Mixed Platforms.Deploy.0 = Release|Any CPU
		{88A99395-740C-4EAB-A0E6-F9ECE6D8EDB4}.Ad-Hoc|x86.ActiveCfg = Release|x86
		{88A99395-740C-4EAB-A0E6-F9ECE6D8EDB4}.Ad-Hoc|x86.Build.0 = Release|x86
		{88A99395-740C-4EAB-A0E6-F9ECE6D8EDB4}.Ad-Hoc|x86.Deploy.0 = Release|x86
		{88A99395-740C-4EAB-A0E6-F9ECE6D8EDB4}.AppStore|Any CPU.ActiveCfg = Release|Any CPU
		{88A99395-740C-4EAB-A0E6-F9ECE6D8EDB4}.AppStore|Any CPU.Build.0 = Release|Any CPU
		{88A99395-740C-4EAB-A0E6-F9ECE6D8EDB4}.AppStore|Any CPU.Deploy.0 = Release|Any CPU
		{88A99395-740C-4EAB-A0E6-F9ECE6D8EDB4}.AppStore|ARM.ActiveCfg = Release|ARM
		{88A99395-740C-4EAB-A0E6-F9ECE6D8EDB4}.AppStore|ARM.Build.0 = Release|ARM
		{88A99395-740C-4EAB-A0E6-F9ECE6D8EDB4}.AppStore|ARM.Deploy.0 = Release|ARM
		{88A99395-740C-4EAB-A0E6-F9ECE6D8EDB4}.AppStore|iPhone.ActiveCfg = Release|Any CPU
		{88A99395-740C-4EAB-A0E6-F9ECE6D8EDB4}.AppStore|iPhoneSimulator.ActiveCfg = Release|Any CPU
		{88A99395-740C-4EAB-A0E6-F9ECE6D8EDB4}.AppStore|Mixed Platforms.ActiveCfg = Release|Any CPU
		{88A99395-740C-4EAB-A0E6-F9ECE6D8EDB4}.AppStore|Mixed Platforms.Build.0 = Release|Any CPU
		{88A99395-740C-4EAB-A0E6-F9ECE6D8EDB4}.AppStore|Mixed Platforms.Deploy.0 = Release|Any CPU
		{88A99395-740C-4EAB-A0E6-F9ECE6D8EDB4}.AppStore|x86.ActiveCfg = Release|x86
		{88A99395-740C-4EAB-A0E6-F9ECE6D8EDB4}.AppStore|x86.Build.0 = Release|x86
		{88A99395-740C-4EAB-A0E6-F9ECE6D8EDB4}.AppStore|x86.Deploy.0 = Release|x86
		{88A99395-740C-4EAB-A0E6-F9ECE6D8EDB4}.Debug|Any CPU.ActiveCfg = Debug|Any CPU
		{88A99395-740C-4EAB-A0E6-F9ECE6D8EDB4}.Debug|Any CPU.Build.0 = Debug|Any CPU
		{88A99395-740C-4EAB-A0E6-F9ECE6D8EDB4}.Debug|Any CPU.Deploy.0 = Debug|Any CPU
		{88A99395-740C-4EAB-A0E6-F9ECE6D8EDB4}.Debug|ARM.ActiveCfg = Debug|ARM
		{88A99395-740C-4EAB-A0E6-F9ECE6D8EDB4}.Debug|ARM.Build.0 = Debug|ARM
		{88A99395-740C-4EAB-A0E6-F9ECE6D8EDB4}.Debug|ARM.Deploy.0 = Debug|ARM
		{88A99395-740C-4EAB-A0E6-F9ECE6D8EDB4}.Debug|iPhone.ActiveCfg = Debug|Any CPU
		{88A99395-740C-4EAB-A0E6-F9ECE6D8EDB4}.Debug|iPhoneSimulator.ActiveCfg = Debug|Any CPU
		{88A99395-740C-4EAB-A0E6-F9ECE6D8EDB4}.Debug|Mixed Platforms.ActiveCfg = Debug|Any CPU
		{88A99395-740C-4EAB-A0E6-F9ECE6D8EDB4}.Debug|Mixed Platforms.Build.0 = Debug|Any CPU
		{88A99395-740C-4EAB-A0E6-F9ECE6D8EDB4}.Debug|Mixed Platforms.Deploy.0 = Debug|Any CPU
		{88A99395-740C-4EAB-A0E6-F9ECE6D8EDB4}.Debug|x86.ActiveCfg = Debug|x86
		{88A99395-740C-4EAB-A0E6-F9ECE6D8EDB4}.Debug|x86.Build.0 = Debug|x86
		{88A99395-740C-4EAB-A0E6-F9ECE6D8EDB4}.Debug|x86.Deploy.0 = Debug|x86
		{88A99395-740C-4EAB-A0E6-F9ECE6D8EDB4}.Release|Any CPU.ActiveCfg = Release|Any CPU
		{88A99395-740C-4EAB-A0E6-F9ECE6D8EDB4}.Release|Any CPU.Build.0 = Release|Any CPU
		{88A99395-740C-4EAB-A0E6-F9ECE6D8EDB4}.Release|Any CPU.Deploy.0 = Release|Any CPU
		{88A99395-740C-4EAB-A0E6-F9ECE6D8EDB4}.Release|ARM.ActiveCfg = Release|ARM
		{88A99395-740C-4EAB-A0E6-F9ECE6D8EDB4}.Release|ARM.Build.0 = Release|ARM
		{88A99395-740C-4EAB-A0E6-F9ECE6D8EDB4}.Release|ARM.Deploy.0 = Release|ARM
		{88A99395-740C-4EAB-A0E6-F9ECE6D8EDB4}.Release|iPhone.ActiveCfg = Release|Any CPU
		{88A99395-740C-4EAB-A0E6-F9ECE6D8EDB4}.Release|iPhoneSimulator.ActiveCfg = Release|Any CPU
		{88A99395-740C-4EAB-A0E6-F9ECE6D8EDB4}.Release|Mixed Platforms.ActiveCfg = Release|Any CPU
		{88A99395-740C-4EAB-A0E6-F9ECE6D8EDB4}.Release|x86.ActiveCfg = Release|x86
		{88A99395-740C-4EAB-A0E6-F9ECE6D8EDB4}.Release|x86.Build.0 = Release|x86
		{88A99395-740C-4EAB-A0E6-F9ECE6D8EDB4}.Release|x86.Deploy.0 = Release|x86
		{1C70DBB2-1A2F-4739-A6E1-B5CAA49605F6}.Ad-Hoc|Any CPU.ActiveCfg = Release|Any CPU
		{1C70DBB2-1A2F-4739-A6E1-B5CAA49605F6}.Ad-Hoc|Any CPU.Build.0 = Release|Any CPU
		{1C70DBB2-1A2F-4739-A6E1-B5CAA49605F6}.Ad-Hoc|ARM.ActiveCfg = Release|Any CPU
		{1C70DBB2-1A2F-4739-A6E1-B5CAA49605F6}.Ad-Hoc|iPhone.ActiveCfg = Release|Any CPU
		{1C70DBB2-1A2F-4739-A6E1-B5CAA49605F6}.Ad-Hoc|iPhoneSimulator.ActiveCfg = Release|Any CPU
		{1C70DBB2-1A2F-4739-A6E1-B5CAA49605F6}.Ad-Hoc|Mixed Platforms.ActiveCfg = Release|Any CPU
		{1C70DBB2-1A2F-4739-A6E1-B5CAA49605F6}.Ad-Hoc|Mixed Platforms.Build.0 = Release|Any CPU
		{1C70DBB2-1A2F-4739-A6E1-B5CAA49605F6}.Ad-Hoc|x86.ActiveCfg = Release|Any CPU
		{1C70DBB2-1A2F-4739-A6E1-B5CAA49605F6}.AppStore|Any CPU.ActiveCfg = Release|Any CPU
		{1C70DBB2-1A2F-4739-A6E1-B5CAA49605F6}.AppStore|Any CPU.Build.0 = Release|Any CPU
		{1C70DBB2-1A2F-4739-A6E1-B5CAA49605F6}.AppStore|ARM.ActiveCfg = Release|Any CPU
		{1C70DBB2-1A2F-4739-A6E1-B5CAA49605F6}.AppStore|iPhone.ActiveCfg = Release|Any CPU
		{1C70DBB2-1A2F-4739-A6E1-B5CAA49605F6}.AppStore|iPhoneSimulator.ActiveCfg = Release|Any CPU
		{1C70DBB2-1A2F-4739-A6E1-B5CAA49605F6}.AppStore|Mixed Platforms.ActiveCfg = Release|Any CPU
		{1C70DBB2-1A2F-4739-A6E1-B5CAA49605F6}.AppStore|Mixed Platforms.Build.0 = Release|Any CPU
		{1C70DBB2-1A2F-4739-A6E1-B5CAA49605F6}.AppStore|x86.ActiveCfg = Release|Any CPU
		{1C70DBB2-1A2F-4739-A6E1-B5CAA49605F6}.Debug|Any CPU.ActiveCfg = Debug|Any CPU
		{1C70DBB2-1A2F-4739-A6E1-B5CAA49605F6}.Debug|Any CPU.Build.0 = Debug|Any CPU
		{1C70DBB2-1A2F-4739-A6E1-B5CAA49605F6}.Debug|ARM.ActiveCfg = Debug|Any CPU
		{1C70DBB2-1A2F-4739-A6E1-B5CAA49605F6}.Debug|iPhone.ActiveCfg = Debug|Any CPU
		{1C70DBB2-1A2F-4739-A6E1-B5CAA49605F6}.Debug|iPhoneSimulator.ActiveCfg = Debug|Any CPU
		{1C70DBB2-1A2F-4739-A6E1-B5CAA49605F6}.Debug|Mixed Platforms.ActiveCfg = Debug|Any CPU
		{1C70DBB2-1A2F-4739-A6E1-B5CAA49605F6}.Debug|Mixed Platforms.Build.0 = Debug|Any CPU
		{1C70DBB2-1A2F-4739-A6E1-B5CAA49605F6}.Debug|x86.ActiveCfg = Debug|Any CPU
		{1C70DBB2-1A2F-4739-A6E1-B5CAA49605F6}.Release|Any CPU.ActiveCfg = Release|Any CPU
		{1C70DBB2-1A2F-4739-A6E1-B5CAA49605F6}.Release|Any CPU.Build.0 = Release|Any CPU
		{1C70DBB2-1A2F-4739-A6E1-B5CAA49605F6}.Release|ARM.ActiveCfg = Release|Any CPU
		{1C70DBB2-1A2F-4739-A6E1-B5CAA49605F6}.Release|iPhone.ActiveCfg = Release|Any CPU
		{1C70DBB2-1A2F-4739-A6E1-B5CAA49605F6}.Release|iPhoneSimulator.ActiveCfg = Release|Any CPU
		{1C70DBB2-1A2F-4739-A6E1-B5CAA49605F6}.Release|Mixed Platforms.ActiveCfg = Release|Any CPU
		{1C70DBB2-1A2F-4739-A6E1-B5CAA49605F6}.Release|Mixed Platforms.Build.0 = Release|Any CPU
		{1C70DBB2-1A2F-4739-A6E1-B5CAA49605F6}.Release|x86.ActiveCfg = Release|Any CPU
		{77EA7083-22CF-4BE0-BFA4-C62AABD8DB68}.Ad-Hoc|Any CPU.ActiveCfg = Release|Any CPU
		{77EA7083-22CF-4BE0-BFA4-C62AABD8DB68}.Ad-Hoc|Any CPU.Build.0 = Release|Any CPU
		{77EA7083-22CF-4BE0-BFA4-C62AABD8DB68}.Ad-Hoc|ARM.ActiveCfg = Release|Any CPU
		{77EA7083-22CF-4BE0-BFA4-C62AABD8DB68}.Ad-Hoc|iPhone.ActiveCfg = Release|Any CPU
		{77EA7083-22CF-4BE0-BFA4-C62AABD8DB68}.Ad-Hoc|iPhoneSimulator.ActiveCfg = Release|Any CPU
		{77EA7083-22CF-4BE0-BFA4-C62AABD8DB68}.Ad-Hoc|Mixed Platforms.ActiveCfg = Release|Any CPU
		{77EA7083-22CF-4BE0-BFA4-C62AABD8DB68}.Ad-Hoc|Mixed Platforms.Build.0 = Release|Any CPU
		{77EA7083-22CF-4BE0-BFA4-C62AABD8DB68}.Ad-Hoc|x86.ActiveCfg = Release|Any CPU
		{77EA7083-22CF-4BE0-BFA4-C62AABD8DB68}.AppStore|Any CPU.ActiveCfg = Release|Any CPU
		{77EA7083-22CF-4BE0-BFA4-C62AABD8DB68}.AppStore|Any CPU.Build.0 = Release|Any CPU
		{77EA7083-22CF-4BE0-BFA4-C62AABD8DB68}.AppStore|ARM.ActiveCfg = Release|Any CPU
		{77EA7083-22CF-4BE0-BFA4-C62AABD8DB68}.AppStore|iPhone.ActiveCfg = Release|Any CPU
		{77EA7083-22CF-4BE0-BFA4-C62AABD8DB68}.AppStore|iPhoneSimulator.ActiveCfg = Release|Any CPU
		{77EA7083-22CF-4BE0-BFA4-C62AABD8DB68}.AppStore|Mixed Platforms.ActiveCfg = Release|Any CPU
		{77EA7083-22CF-4BE0-BFA4-C62AABD8DB68}.AppStore|Mixed Platforms.Build.0 = Release|Any CPU
		{77EA7083-22CF-4BE0-BFA4-C62AABD8DB68}.AppStore|x86.ActiveCfg = Release|Any CPU
		{77EA7083-22CF-4BE0-BFA4-C62AABD8DB68}.Debug|Any CPU.ActiveCfg = Debug|Any CPU
		{77EA7083-22CF-4BE0-BFA4-C62AABD8DB68}.Debug|Any CPU.Build.0 = Debug|Any CPU
		{77EA7083-22CF-4BE0-BFA4-C62AABD8DB68}.Debug|ARM.ActiveCfg = Debug|Any CPU
		{77EA7083-22CF-4BE0-BFA4-C62AABD8DB68}.Debug|iPhone.ActiveCfg = Debug|Any CPU
		{77EA7083-22CF-4BE0-BFA4-C62AABD8DB68}.Debug|iPhoneSimulator.ActiveCfg = Debug|Any CPU
		{77EA7083-22CF-4BE0-BFA4-C62AABD8DB68}.Debug|Mixed Platforms.ActiveCfg = Debug|Any CPU
		{77EA7083-22CF-4BE0-BFA4-C62AABD8DB68}.Debug|Mixed Platforms.Build.0 = Debug|Any CPU
		{77EA7083-22CF-4BE0-BFA4-C62AABD8DB68}.Debug|x86.ActiveCfg = Debug|Any CPU
		{77EA7083-22CF-4BE0-BFA4-C62AABD8DB68}.Release|Any CPU.ActiveCfg = Release|Any CPU
		{77EA7083-22CF-4BE0-BFA4-C62AABD8DB68}.Release|Any CPU.Build.0 = Release|Any CPU
		{77EA7083-22CF-4BE0-BFA4-C62AABD8DB68}.Release|ARM.ActiveCfg = Release|Any CPU
		{77EA7083-22CF-4BE0-BFA4-C62AABD8DB68}.Release|iPhone.ActiveCfg = Release|Any CPU
		{77EA7083-22CF-4BE0-BFA4-C62AABD8DB68}.Release|iPhoneSimulator.ActiveCfg = Release|Any CPU
		{77EA7083-22CF-4BE0-BFA4-C62AABD8DB68}.Release|Mixed Platforms.ActiveCfg = Release|Any CPU
		{77EA7083-22CF-4BE0-BFA4-C62AABD8DB68}.Release|Mixed Platforms.Build.0 = Release|Any CPU
		{77EA7083-22CF-4BE0-BFA4-C62AABD8DB68}.Release|x86.ActiveCfg = Release|Any CPU
		{8E47B485-5486-4774-8505-163608A03018}.Ad-Hoc|Any CPU.ActiveCfg = Release|Any CPU
		{8E47B485-5486-4774-8505-163608A03018}.Ad-Hoc|Any CPU.Build.0 = Release|Any CPU
		{8E47B485-5486-4774-8505-163608A03018}.Ad-Hoc|ARM.ActiveCfg = Release|Any CPU
		{8E47B485-5486-4774-8505-163608A03018}.Ad-Hoc|iPhone.ActiveCfg = Release|Any CPU
		{8E47B485-5486-4774-8505-163608A03018}.Ad-Hoc|iPhoneSimulator.ActiveCfg = Release|Any CPU
		{8E47B485-5486-4774-8505-163608A03018}.Ad-Hoc|Mixed Platforms.ActiveCfg = Release|Any CPU
		{8E47B485-5486-4774-8505-163608A03018}.Ad-Hoc|Mixed Platforms.Build.0 = Release|Any CPU
		{8E47B485-5486-4774-8505-163608A03018}.Ad-Hoc|x86.ActiveCfg = Release|Any CPU
		{8E47B485-5486-4774-8505-163608A03018}.AppStore|Any CPU.ActiveCfg = Release|Any CPU
		{8E47B485-5486-4774-8505-163608A03018}.AppStore|Any CPU.Build.0 = Release|Any CPU
		{8E47B485-5486-4774-8505-163608A03018}.AppStore|ARM.ActiveCfg = Release|Any CPU
		{8E47B485-5486-4774-8505-163608A03018}.AppStore|iPhone.ActiveCfg = Release|Any CPU
		{8E47B485-5486-4774-8505-163608A03018}.AppStore|iPhoneSimulator.ActiveCfg = Release|Any CPU
		{8E47B485-5486-4774-8505-163608A03018}.AppStore|Mixed Platforms.ActiveCfg = Release|Any CPU
		{8E47B485-5486-4774-8505-163608A03018}.AppStore|Mixed Platforms.Build.0 = Release|Any CPU
		{8E47B485-5486-4774-8505-163608A03018}.AppStore|x86.ActiveCfg = Release|Any CPU
		{8E47B485-5486-4774-8505-163608A03018}.Debug|Any CPU.ActiveCfg = Debug|Any CPU
		{8E47B485-5486-4774-8505-163608A03018}.Debug|Any CPU.Build.0 = Debug|Any CPU
		{8E47B485-5486-4774-8505-163608A03018}.Debug|ARM.ActiveCfg = Debug|Any CPU
		{8E47B485-5486-4774-8505-163608A03018}.Debug|iPhone.ActiveCfg = Debug|Any CPU
		{8E47B485-5486-4774-8505-163608A03018}.Debug|iPhoneSimulator.ActiveCfg = Debug|Any CPU
		{8E47B485-5486-4774-8505-163608A03018}.Debug|Mixed Platforms.ActiveCfg = Debug|Any CPU
		{8E47B485-5486-4774-8505-163608A03018}.Debug|Mixed Platforms.Build.0 = Debug|Any CPU
		{8E47B485-5486-4774-8505-163608A03018}.Debug|x86.ActiveCfg = Debug|Any CPU
		{8E47B485-5486-4774-8505-163608A03018}.Release|Any CPU.ActiveCfg = Release|Any CPU
		{8E47B485-5486-4774-8505-163608A03018}.Release|Any CPU.Build.0 = Release|Any CPU
		{8E47B485-5486-4774-8505-163608A03018}.Release|ARM.ActiveCfg = Release|Any CPU
		{8E47B485-5486-4774-8505-163608A03018}.Release|iPhone.ActiveCfg = Release|Any CPU
		{8E47B485-5486-4774-8505-163608A03018}.Release|iPhoneSimulator.ActiveCfg = Release|Any CPU
		{8E47B485-5486-4774-8505-163608A03018}.Release|Mixed Platforms.ActiveCfg = Release|Any CPU
		{8E47B485-5486-4774-8505-163608A03018}.Release|x86.ActiveCfg = Release|Any CPU
	EndGlobalSection
	GlobalSection(SolutionProperties) = preSolution
		HideSolutionNode = FALSE
	EndGlobalSection
	GlobalSection(NestedProjects) = preSolution
		{AE492023-40B8-4D65-90C1-823CB59C2EB0} = {4002443F-CFB9-41B2-BFF3-A3ED2BF5B0A3}
		{6C9E1ADE-29C6-4968-A078-A23571A48751} = {E6E33B59-304A-4B9E-A70E-B58817606FA6}
		{1C70DBB2-1A2F-4739-A6E1-B5CAA49605F6} = {E6E33B59-304A-4B9E-A70E-B58817606FA6}
		{77EA7083-22CF-4BE0-BFA4-C62AABD8DB68} = {E6E33B59-304A-4B9E-A70E-B58817606FA6}
		{88A99395-740C-4EAB-A0E6-F9ECE6D8EDB4} = {6654EE00-CDBB-46F8-9F7E-97746A552806}
		{8E47B485-5486-4774-8505-163608A03018} = {6654EE00-CDBB-46F8-9F7E-97746A552806}
	EndGlobalSection
	GlobalSection(MonoDevelopProperties) = preSolution
		StartupItem = Portable.IO\Portable.IO.csproj
	EndGlobalSection
EndGlobal
